// !$*UTF8*$!
{
	archiveVersion = 1;
	classes = {
	};
	objectVersion = 46;
	objects = {

/* Begin PBXBuildFile section */
		2A3C59291EAFAB98002F7D3B /* AppDelegate.swift in Sources */ = {isa = PBXBuildFile; fileRef = 2A3C59281EAFAB98002F7D3B /* AppDelegate.swift */; };
		2A3C592E1EAFAB98002F7D3B /* Main.storyboard in Resources */ = {isa = PBXBuildFile; fileRef = 2A3C592C1EAFAB98002F7D3B /* Main.storyboard */; };
		2A3C59301EAFAB98002F7D3B /* Assets.xcassets in Resources */ = {isa = PBXBuildFile; fileRef = 2A3C592F1EAFAB98002F7D3B /* Assets.xcassets */; };
		2A3C59331EAFAB98002F7D3B /* LaunchScreen.storyboard in Resources */ = {isa = PBXBuildFile; fileRef = 2A3C59311EAFAB98002F7D3B /* LaunchScreen.storyboard */; };
/* End PBXBuildFile section */

/* Begin PBXFileReference section */
		2A3C59251EAFAB98002F7D3B /* BulletinBoard2.app */ = {isa = PBXFileReference; explicitFileType = wrapper.application; includeInIndex = 0; path = BulletinBoard2.app; sourceTree = BUILT_PRODUCTS_DIR; };
		2A3C59281EAFAB98002F7D3B /* AppDelegate.swift */ = {isa = PBXFileReference; lastKnownFileType = sourcecode.swift; path = AppDelegate.swift; sourceTree = "<group>"; };
		2A3C592D1EAFAB98002F7D3B /* Base */ = {isa = PBXFileReference; lastKnownFileType = file.storyboard; name = Base; path = Base.lproj/Main.storyboard; sourceTree = "<group>"; };
		2A3C592F1EAFAB98002F7D3B /* Assets.xcassets */ = {isa = PBXFileReference; lastKnownFileType = folder.assetcatalog; path = Assets.xcassets; sourceTree = "<group>"; };
		2A3C59321EAFAB98002F7D3B /* Base */ = {isa = PBXFileReference; lastKnownFileType = file.storyboard; name = Base; path = Base.lproj/LaunchScreen.storyboard; sourceTree = "<group>"; };
		2A3C59341EAFAB98002F7D3B /* Info.plist */ = {isa = PBXFileReference; lastKnownFileType = text.plist.xml; path = Info.plist; sourceTree = "<group>"; };
/* End PBXFileReference section */

/* Begin PBXFrameworksBuildPhase section */
		2A3C59221EAFAB98002F7D3B /* Frameworks */ = {
			isa = PBXFrameworksBuildPhase;
			buildActionMask = 2147483647;
			files = (
			);
			runOnlyForDeploymentPostprocessing = 0;
		};
/* End PBXFrameworksBuildPhase section */

/* Begin PBXGroup section */
		2A3C591C1EAFAB98002F7D3B = {
			isa = PBXGroup;
			children = (
				2A3C59271EAFAB98002F7D3B /* BulletinBoard2 */,
				2A3C59261EAFAB98002F7D3B /* Products */,
			);
			sourceTree = "<group>";
		};
		2A3C59261EAFAB98002F7D3B /* Products */ = {
			isa = PBXGroup;
			children = (
				2A3C59251EAFAB98002F7D3B /* BulletinBoard2.app */,
			);
			name = Products;
			sourceTree = "<group>";
		};
		2A3C59271EAFAB98002F7D3B /* BulletinBoard2 */ = {
			isa = PBXGroup;
			children = (
				2A3C59281EAFAB98002F7D3B /* AppDelegate.swift */,
				2A3C592C1EAFAB98002F7D3B /* Main.storyboard */,
				2A3C593D1EAFABEF002F7D3B /* Models */,
				2A3C593C1EAFABE1002F7D3B /* ModelControllers */,
				2A3C593B1EAFABD7002F7D3B /* ViewControllers */,
				2A3C593A1EAFABBB002F7D3B /* Resources */,
			);
			path = BulletinBoard2;
			sourceTree = "<group>";
		};
		2A3C593A1EAFABBB002F7D3B /* Resources */ = {
			isa = PBXGroup;
			children = (
				2A3C592F1EAFAB98002F7D3B /* Assets.xcassets */,
				2A3C59311EAFAB98002F7D3B /* LaunchScreen.storyboard */,
				2A3C59341EAFAB98002F7D3B /* Info.plist */,
			);
			name = Resources;
			sourceTree = "<group>";
		};
		2A3C593B1EAFABD7002F7D3B /* ViewControllers */ = {
			isa = PBXGroup;
			children = (
			);
			name = ViewControllers;
			path = ..;
			sourceTree = "<group>";
		};
		2A3C593C1EAFABE1002F7D3B /* ModelControllers */ = {
			isa = PBXGroup;
			children = (
			);
			name = ModelControllers;
			path = ..;
			sourceTree = "<group>";
		};
		2A3C593D1EAFABEF002F7D3B /* Models */ = {
			isa = PBXGroup;
			children = (
			);
			name = Models;
			path = ..;
			sourceTree = "<group>";
		};
/* End PBXGroup section */

/* Begin PBXNativeTarget section */
		2A3C59241EAFAB98002F7D3B /* BulletinBoard2 */ = {
			isa = PBXNativeTarget;
			buildConfigurationList = 2A3C59371EAFAB98002F7D3B /* Build configuration list for PBXNativeTarget "BulletinBoard2" */;
			buildPhases = (
				2A3C59211EAFAB98002F7D3B /* Sources */,
				2A3C59221EAFAB98002F7D3B /* Frameworks */,
				2A3C59231EAFAB98002F7D3B /* Resources */,
			);
			buildRules = (
			);
			dependencies = (
			);
			name = BulletinBoard2;
			productName = BulletinBoard2;
			productReference = 2A3C59251EAFAB98002F7D3B /* BulletinBoard2.app */;
			productType = "com.apple.product-type.application";
		};
/* End PBXNativeTarget section */

/* Begin PBXProject section */
		2A3C591D1EAFAB98002F7D3B /* Project object */ = {
			isa = PBXProject;
			attributes = {
				LastSwiftUpdateCheck = 0830;
				LastUpgradeCheck = 0830;
				ORGANIZATIONNAME = "Rob Hand";
				TargetAttributes = {
					2A3C59241EAFAB98002F7D3B = {
						CreatedOnToolsVersion = 8.3.2;
						DevelopmentTeam = WC4MWVKQFQ;
						ProvisioningStyle = Automatic;
					};
				};
			};
			buildConfigurationList = 2A3C59201EAFAB98002F7D3B /* Build configuration list for PBXProject "BulletinBoard2" */;
			compatibilityVersion = "Xcode 3.2";
			developmentRegion = English;
			hasScannedForEncodings = 0;
			knownRegions = (
				en,
				Base,
			);
			mainGroup = 2A3C591C1EAFAB98002F7D3B;
			productRefGroup = 2A3C59261EAFAB98002F7D3B /* Products */;
			projectDirPath = "";
			projectRoot = "";
			targets = (
				2A3C59241EAFAB98002F7D3B /* BulletinBoard2 */,
			);
		};
/* End PBXProject section */

/* Begin PBXResourcesBuildPhase section */
		2A3C59231EAFAB98002F7D3B /* Resources */ = {
			isa = PBXResourcesBuildPhase;
			buildActionMask = 2147483647;
			files = (
				2A3C59331EAFAB98002F7D3B /* LaunchScreen.storyboard in Resources */,
				2A3C59301EAFAB98002F7D3B /* Assets.xcassets in Resources */,
				2A3C592E1EAFAB98002F7D3B /* Main.storyboard in Resources */,
			);
			runOnlyForDeploymentPostprocessing = 0;
		};
/* End PBXResourcesBuildPhase section */

/* Begin PBXSourcesBuildPhase section */
		2A3C59211EAFAB98002F7D3B /* Sources */ = {
			isa = PBXSourcesBuildPhase;
			buildActionMask = 2147483647;
			files = (
				2A3C59291EAFAB98002F7D3B /* AppDelegate.swift in Sources */,
			);
			runOnlyForDeploymentPostprocessing = 0;
		};
/* End PBXSourcesBuildPhase section */

/* Begin PBXVariantGroup section */
		2A3C592C1EAFAB98002F7D3B /* Main.storyboard */ = {
			isa = PBXVariantGroup;
			children = (
				2A3C592D1EAFAB98002F7D3B /* Base */,
			);
			name = Main.storyboard;
			sourceTree = "<group>";
		};
		2A3C59311EAFAB98002F7D3B /* LaunchScreen.storyboard */ = {
			isa = PBXVariantGroup;
			children = (
				2A3C59321EAFAB98002F7D3B /* Base */,
			);
			name = LaunchScreen.storyboard;
			sourceTree = "<group>";
		};
/* End PBXVariantGroup section */

/* Begin XCBuildConfiguration section */
		2A3C59351EAFAB98002F7D3B /* Debug */ = {
			isa = XCBuildConfiguration;
			buildSettings = {
				ALWAYS_SEARCH_USER_PATHS = NO;
				CLANG_ANALYZER_NONNULL = YES;
				CLANG_ANALYZER_NUMBER_OBJECT_CONVERSION = YES_AGGRESSIVE;
				CLANG_CXX_LANGUAGE_STANDARD = "gnu++0x";
				CLANG_CXX_LIBRARY = "libc++";
				CLANG_ENABLE_MODULES = YES;
				CLANG_ENABLE_OBJC_ARC = YES;
				CLANG_WARN_BOOL_CONVERSION = YES;
				CLANG_WARN_CONSTANT_CONVERSION = YES;
				CLANG_WARN_DIRECT_OBJC_ISA_USAGE = YES_ERROR;
				CLANG_WARN_DOCUMENTATION_COMMENTS = YES;
				CLANG_WARN_EMPTY_BODY = YES;
				CLANG_WARN_ENUM_CONVERSION = YES;
				CLANG_WARN_INFINITE_RECURSION = YES;
				CLANG_WARN_INT_CONVERSION = YES;
				CLANG_WARN_OBJC_ROOT_CLASS = YES_ERROR;
				CLANG_WARN_SUSPICIOUS_MOVE = YES;
				CLANG_WARN_UNREACHABLE_CODE = YES;
				CLANG_WARN__DUPLICATE_METHOD_MATCH = YES;
				"CODE_SIGN_IDENTITY[sdk=iphoneos*]" = "iPhone Developer";
				COPY_PHASE_STRIP = NO;
				DEBUG_INFORMATION_FORMAT = dwarf;
				ENABLE_STRICT_OBJC_MSGSEND = YES;
				ENABLE_TESTABILITY = YES;
				GCC_C_LANGUAGE_STANDARD = gnu99;
				GCC_DYNAMIC_NO_PIC = NO;
				GCC_NO_COMMON_BLOCKS = YES;
				GCC_OPTIMIZATION_LEVEL = 0;
				GCC_PREPROCESSOR_DEFINITIONS = (
					"DEBUG=1",
					"$(inherited)",
				);
				GCC_WARN_64_TO_32_BIT_CONVERSION = YES;
				GCC_WARN_ABOUT_RETURN_TYPE = YES_ERROR;
				GCC_WARN_UNDECLARED_SELECTOR = YES;
				GCC_WARN_UNINITIALIZED_AUTOS = YES_AGGRESSIVE;
				GCC_WARN_UNUSED_FUNCTION = YES;
				GCC_WARN_UNUSED_VARIABLE = YES;
				IPHONEOS_DEPLOYMENT_TARGET = 10.3;
				MTL_ENABLE_DEBUG_INFO = YES;
				ONLY_ACTIVE_ARCH = YES;
				SDKROOT = iphoneos;
				SWIFT_ACTIVE_COMPILATION_CONDITIONS = DEBUG;
				SWIFT_OPTIMIZATION_LEVEL = "-Onone";
			};
			name = Debug;
		};
		2A3C59361EAFAB98002F7D3B /* Release */ = {
			isa = XCBuildConfiguration;
			buildSettings = {
				ALWAYS_SEARCH_USER_PATHS = NO;
				CLANG_ANALYZER_NONNULL = YES;
				CLANG_ANALYZER_NUMBER_OBJECT_CONVERSION = YES_AGGRESSIVE;
				CLANG_CXX_LANGUAGE_STANDARD = "gnu++0x";
				CLANG_CXX_LIBRARY = "libc++";
				CLANG_ENABLE_MODULES = YES;
				CLANG_ENABLE_OBJC_ARC = YES;
				CLANG_WARN_BOOL_CONVERSION = YES;
				CLANG_WARN_CONSTANT_CONVERSION = YES;
				CLANG_WARN_DIRECT_OBJC_ISA_USAGE = YES_ERROR;
				CLANG_WARN_DOCUMENTATION_COMMENTS = YES;
				CLANG_WARN_EMPTY_BODY = YES;
				CLANG_WARN_ENUM_CONVERSION = YES;
				CLANG_WARN_INFINITE_RECURSION = YES;
				CLANG_WARN_INT_CONVERSION = YES;
				CLANG_WARN_OBJC_ROOT_CLASS = YES_ERROR;
				CLANG_WARN_SUSPICIOUS_MOVE = YES;
				CLANG_WARN_UNREACHABLE_CODE = YES;
				CLANG_WARN__DUPLICATE_METHOD_MATCH = YES;
				"CODE_SIGN_IDENTITY[sdk=iphoneos*]" = "iPhone Developer";
				COPY_PHASE_STRIP = NO;
				DEBUG_INFORMATION_FORMAT = "dwarf-with-dsym";
				ENABLE_NS_ASSERTIONS = NO;
				ENABLE_STRICT_OBJC_MSGSEND = YES;
				GCC_C_LANGUAGE_STANDARD = gnu99;
				GCC_NO_COMMON_BLOCKS = YES;
				GCC_WARN_64_TO_32_BIT_CONVERSION = YES;
				GCC_WARN_ABOUT_RETURN_TYPE = YES_ERROR;
				GCC_WARN_UNDECLARED_SELECTOR = YES;
				GCC_WARN_UNINITIALIZED_AUTOS = YES_AGGRESSIVE;
				GCC_WARN_UNUSED_FUNCTION = YES;
				GCC_WARN_UNUSED_VARIABLE = YES;
				IPHONEOS_DEPLOYMENT_TARGET = 10.3;
				MTL_ENABLE_DEBUG_INFO = NO;
				SDKROOT = iphoneos;
				SWIFT_OPTIMIZATION_LEVEL = "-Owholemodule";
				VALIDATE_PRODUCT = YES;
			};
			name = Release;
		};
		2A3C59381EAFAB98002F7D3B /* Debug */ = {
			isa = XCBuildConfiguration;
			buildSettings = {
				ASSETCATALOG_COMPILER_APPICON_NAME = AppIcon;
				DEVELOPMENT_TEAM = WC4MWVKQFQ;
				INFOPLIST_FILE = BulletinBoard2/Info.plist;
				LD_RUNPATH_SEARCH_PATHS = "$(inherited) @executable_path/Frameworks";
				PRODUCT_BUNDLE_IDENTIFIER = "com.rob-hand.BulletinBoard2";
				PRODUCT_NAME = "$(TARGET_NAME)";
				SWIFT_VERSION = 3.0;
			};
			name = Debug;
		};
		2A3C59391EAFAB98002F7D3B /* Release */ = {
			isa = XCBuildConfiguration;
			buildSettings = {
				ASSETCATALOG_COMPILER_APPICON_NAME = AppIcon;
				DEVELOPMENT_TEAM = WC4MWVKQFQ;
				INFOPLIST_FILE = BulletinBoard2/Info.plist;
				LD_RUNPATH_SEARCH_PATHS = "$(inherited) @executable_path/Frameworks";
				PRODUCT_BUNDLE_IDENTIFIER = "com.rob-hand.BulletinBoard2";
				PRODUCT_NAME = "$(TARGET_NAME)";
				SWIFT_VERSION = 3.0;
			};
			name = Release;
		};
/* End XCBuildConfiguration section */

/* Begin XCConfigurationList section */
		2A3C59201EAFAB98002F7D3B /* Build configuration list for PBXProject "BulletinBoard2" */ = {
			isa = XCConfigurationList;
			buildConfigurations = (
				2A3C59351EAFAB98002F7D3B /* Debug */,
				2A3C59361EAFAB98002F7D3B /* Release */,
			);
			defaultConfigurationIsVisible = 0;
			defaultConfigurationName = Release;
		};
		2A3C59371EAFAB98002F7D3B /* Build configuration list for PBXNativeTarget "BulletinBoard2" */ = {
			isa = XCConfigurationList;
			buildConfigurations = (
				2A3C59381EAFAB98002F7D3B /* Debug */,
				2A3C59391EAFAB98002F7D3B /* Release */,
			);
			defaultConfigurationIsVisible = 0;
		};
/* End XCConfigurationList section */
	};
	rootObject = 2A3C591D1EAFAB98002F7D3B /* Project object */;
}
